// !$*UTF8*$!
{
	archiveVersion = 1;
	classes = {
	};
	objectVersion = 55;
	objects = {

/* Begin PBXBuildFile section */
		9D45C58727B8BA59005FB1D6 /* LandmarksApp.swift in Sources */ = {isa = PBXBuildFile; fileRef = 9D45C58627B8BA59005FB1D6 /* LandmarksApp.swift */; };
		9D45C58927B8BA59005FB1D6 /* ContentView.swift in Sources */ = {isa = PBXBuildFile; fileRef = 9D45C58827B8BA59005FB1D6 /* ContentView.swift */; };
		9D45C58B27B8BA5A005FB1D6 /* Assets.xcassets in Resources */ = {isa = PBXBuildFile; fileRef = 9D45C58A27B8BA5A005FB1D6 /* Assets.xcassets */; };
		9D45C58E27B8BA5A005FB1D6 /* Preview Assets.xcassets in Resources */ = {isa = PBXBuildFile; fileRef = 9D45C58D27B8BA5A005FB1D6 /* Preview Assets.xcassets */; };
		9D45C59527B8CCD5005FB1D6 /* CircleImage.swift in Sources */ = {isa = PBXBuildFile; fileRef = 9D45C59427B8CCD5005FB1D6 /* CircleImage.swift */; };
		9D45C59727B8D2E1005FB1D6 /* MapView.swift in Sources */ = {isa = PBXBuildFile; fileRef = 9D45C59627B8D2E1005FB1D6 /* MapView.swift */; };
		9D45C59927B962F7005FB1D6 /* landmarkData.json in Resources */ = {isa = PBXBuildFile; fileRef = 9D45C59827B962F6005FB1D6 /* landmarkData.json */; };
		9D45C59B27B963B3005FB1D6 /* Landmark.swift in Sources */ = {isa = PBXBuildFile; fileRef = 9D45C59A27B963B3005FB1D6 /* Landmark.swift */; };
		9D45C59D27B96876005FB1D6 /* ModelData.swift in Sources */ = {isa = PBXBuildFile; fileRef = 9D45C59C27B96876005FB1D6 /* ModelData.swift */; };
		9D45C5A227B99437005FB1D6 /* LandmarkRow.swift in Sources */ = {isa = PBXBuildFile; fileRef = 9D45C5A127B99437005FB1D6 /* LandmarkRow.swift */; };
		9D45C5A427B99AAF005FB1D6 /* LandmarkList.swift in Sources */ = {isa = PBXBuildFile; fileRef = 9D45C5A327B99AAF005FB1D6 /* LandmarkList.swift */; };
		9D45C5A627B99F1A005FB1D6 /* LandmarkDetail.swift in Sources */ = {isa = PBXBuildFile; fileRef = 9D45C5A527B99F1A005FB1D6 /* LandmarkDetail.swift */; };
		9D45C5A827B9B801005FB1D6 /* FavoriteButton.swift in Sources */ = {isa = PBXBuildFile; fileRef = 9D45C5A727B9B801005FB1D6 /* FavoriteButton.swift */; };
		9D5A4BBB27F6A70A00070B38 /* BadgeSymbol.swift in Sources */ = {isa = PBXBuildFile; fileRef = 9D5A4BBA27F6A70A00070B38 /* BadgeSymbol.swift */; };
		9D5A4BBD27F794E800070B38 /* RotatedBadgeSymbol.swift in Sources */ = {isa = PBXBuildFile; fileRef = 9D5A4BBC27F794E800070B38 /* RotatedBadgeSymbol.swift */; };
		9D5A4BBF27F79D7000070B38 /* Badge.swift in Sources */ = {isa = PBXBuildFile; fileRef = 9D5A4BBE27F79D7000070B38 /* Badge.swift */; };
		9D8062C027EFFD190040511D /* HexagonParameters.swift in Sources */ = {isa = PBXBuildFile; fileRef = 9D8062BF27EFFD190040511D /* HexagonParameters.swift */; };
		9D8062C227F159B60040511D /* BadgeBackground.swift in Sources */ = {isa = PBXBuildFile; fileRef = 9D8062C127F159B60040511D /* BadgeBackground.swift */; };
/* End PBXBuildFile section */

/* Begin PBXFileReference section */
		9D45C58327B8BA59005FB1D6 /* Landmarks.app */ = {isa = PBXFileReference; explicitFileType = wrapper.application; includeInIndex = 0; path = Landmarks.app; sourceTree = BUILT_PRODUCTS_DIR; };
		9D45C58627B8BA59005FB1D6 /* LandmarksApp.swift */ = {isa = PBXFileReference; lastKnownFileType = sourcecode.swift; path = LandmarksApp.swift; sourceTree = "<group>"; };
		9D45C58827B8BA59005FB1D6 /* ContentView.swift */ = {isa = PBXFileReference; lastKnownFileType = sourcecode.swift; path = ContentView.swift; sourceTree = "<group>"; };
		9D45C58A27B8BA5A005FB1D6 /* Assets.xcassets */ = {isa = PBXFileReference; lastKnownFileType = folder.assetcatalog; path = Assets.xcassets; sourceTree = "<group>"; };
		9D45C58D27B8BA5A005FB1D6 /* Preview Assets.xcassets */ = {isa = PBXFileReference; lastKnownFileType = folder.assetcatalog; path = "Preview Assets.xcassets"; sourceTree = "<group>"; };
		9D45C59427B8CCD5005FB1D6 /* CircleImage.swift */ = {isa = PBXFileReference; lastKnownFileType = sourcecode.swift; path = CircleImage.swift; sourceTree = "<group>"; };
		9D45C59627B8D2E1005FB1D6 /* MapView.swift */ = {isa = PBXFileReference; lastKnownFileType = sourcecode.swift; path = MapView.swift; sourceTree = "<group>"; };
		9D45C59827B962F6005FB1D6 /* landmarkData.json */ = {isa = PBXFileReference; fileEncoding = 4; lastKnownFileType = text.json; path = landmarkData.json; sourceTree = "<group>"; };
		9D45C59A27B963B3005FB1D6 /* Landmark.swift */ = {isa = PBXFileReference; lastKnownFileType = sourcecode.swift; path = Landmark.swift; sourceTree = "<group>"; };
		9D45C59C27B96876005FB1D6 /* ModelData.swift */ = {isa = PBXFileReference; lastKnownFileType = sourcecode.swift; path = ModelData.swift; sourceTree = "<group>"; };
		9D45C5A127B99437005FB1D6 /* LandmarkRow.swift */ = {isa = PBXFileReference; lastKnownFileType = sourcecode.swift; path = LandmarkRow.swift; sourceTree = "<group>"; };
		9D45C5A327B99AAF005FB1D6 /* LandmarkList.swift */ = {isa = PBXFileReference; lastKnownFileType = sourcecode.swift; path = LandmarkList.swift; sourceTree = "<group>"; };
		9D45C5A527B99F1A005FB1D6 /* LandmarkDetail.swift */ = {isa = PBXFileReference; lastKnownFileType = sourcecode.swift; path = LandmarkDetail.swift; sourceTree = "<group>"; };
		9D45C5A727B9B801005FB1D6 /* FavoriteButton.swift */ = {isa = PBXFileReference; lastKnownFileType = sourcecode.swift; path = FavoriteButton.swift; sourceTree = "<group>"; };
		9D5A4BBA27F6A70A00070B38 /* BadgeSymbol.swift */ = {isa = PBXFileReference; lastKnownFileType = sourcecode.swift; path = BadgeSymbol.swift; sourceTree = "<group>"; };
		9D5A4BBC27F794E800070B38 /* RotatedBadgeSymbol.swift */ = {isa = PBXFileReference; lastKnownFileType = sourcecode.swift; path = RotatedBadgeSymbol.swift; sourceTree = "<group>"; };
		9D5A4BBE27F79D7000070B38 /* Badge.swift */ = {isa = PBXFileReference; lastKnownFileType = sourcecode.swift; path = Badge.swift; sourceTree = "<group>"; };
		9D8062BF27EFFD190040511D /* HexagonParameters.swift */ = {isa = PBXFileReference; lastKnownFileType = sourcecode.swift; path = HexagonParameters.swift; sourceTree = "<group>"; };
		9D8062C127F159B60040511D /* BadgeBackground.swift */ = {isa = PBXFileReference; lastKnownFileType = sourcecode.swift; path = BadgeBackground.swift; sourceTree = "<group>"; };
/* End PBXFileReference section */

/* Begin PBXFrameworksBuildPhase section */
		9D45C58027B8BA59005FB1D6 /* Frameworks */ = {
			isa = PBXFrameworksBuildPhase;
			buildActionMask = 2147483647;
			files = (
			);
			runOnlyForDeploymentPostprocessing = 0;
		};
/* End PBXFrameworksBuildPhase section */

/* Begin PBXGroup section */
		9D45C57A27B8BA59005FB1D6 = {
			isa = PBXGroup;
			children = (
				9D45C58527B8BA59005FB1D6 /* Landmarks */,
				9D45C58427B8BA59005FB1D6 /* Products */,
			);
			sourceTree = "<group>";
		};
		9D45C58427B8BA59005FB1D6 /* Products */ = {
			isa = PBXGroup;
			children = (
				9D45C58327B8BA59005FB1D6 /* Landmarks.app */,
			);
			name = Products;
			sourceTree = "<group>";
		};
		9D45C58527B8BA59005FB1D6 /* Landmarks */ = {
			isa = PBXGroup;
			children = (
				9D45C5A027B99289005FB1D6 /* Resources */,
				9D45C59F27B99282005FB1D6 /* Model */,
				9D45C59E27B9927C005FB1D6 /* Views */,
				9D45C58A27B8BA5A005FB1D6 /* Assets.xcassets */,
				9D45C58627B8BA59005FB1D6 /* LandmarksApp.swift */,
				9D45C58C27B8BA5A005FB1D6 /* Preview Content */,
			);
			path = Landmarks;
			sourceTree = "<group>";
		};
		9D45C58C27B8BA5A005FB1D6 /* Preview Content */ = {
			isa = PBXGroup;
			children = (
				9D45C58D27B8BA5A005FB1D6 /* Preview Assets.xcassets */,
			);
			path = "Preview Content";
			sourceTree = "<group>";
		};
		9D45C59E27B9927C005FB1D6 /* Views */ = {
			isa = PBXGroup;
			children = (
				9D45C5AA27B9B9AB005FB1D6 /* Helpers */,
				9D45C5A927B9B98E005FB1D6 /* Landmarks */,
				9D45C58827B8BA59005FB1D6 /* ContentView.swift */,
				9D5A4BC027F9F84A00070B38 /* Badges */,
			);
			path = Views;
			sourceTree = "<group>";
		};
		9D45C59F27B99282005FB1D6 /* Model */ = {
			isa = PBXGroup;
			children = (
				9D45C59C27B96876005FB1D6 /* ModelData.swift */,
				9D45C59A27B963B3005FB1D6 /* Landmark.swift */,
			);
			path = Model;
			sourceTree = "<group>";
		};
		9D45C5A027B99289005FB1D6 /* Resources */ = {
			isa = PBXGroup;
			children = (
				9D45C59827B962F6005FB1D6 /* landmarkData.json */,
			);
			path = Resources;
			sourceTree = "<group>";
		};
		9D45C5A927B9B98E005FB1D6 /* Landmarks */ = {
			isa = PBXGroup;
			children = (
				9D45C5A127B99437005FB1D6 /* LandmarkRow.swift */,
				9D45C5A327B99AAF005FB1D6 /* LandmarkList.swift */,
				9D45C5A527B99F1A005FB1D6 /* LandmarkDetail.swift */,
			);
			path = Landmarks;
			sourceTree = "<group>";
		};
		9D45C5AA27B9B9AB005FB1D6 /* Helpers */ = {
			isa = PBXGroup;
			children = (
				9D45C59427B8CCD5005FB1D6 /* CircleImage.swift */,
				9D45C59627B8D2E1005FB1D6 /* MapView.swift */,
				9D45C5A727B9B801005FB1D6 /* FavoriteButton.swift */,
			);
			path = Helpers;
			sourceTree = "<group>";
		};
		9D5A4BC027F9F84A00070B38 /* Badges */ = {
			isa = PBXGroup;
			children = (
				9D5A4BBC27F794E800070B38 /* RotatedBadgeSymbol.swift */,
				9D5A4BBE27F79D7000070B38 /* Badge.swift */,
				9D8062BF27EFFD190040511D /* HexagonParameters.swift */,
				9D8062C127F159B60040511D /* BadgeBackground.swift */,
				9D5A4BBA27F6A70A00070B38 /* BadgeSymbol.swift */,
			);
			path = Badges;
			sourceTree = "<group>";
		};
/* End PBXGroup section */

/* Begin PBXNativeTarget section */
		9D45C58227B8BA59005FB1D6 /* Landmarks */ = {
			isa = PBXNativeTarget;
			buildConfigurationList = 9D45C59127B8BA5A005FB1D6 /* Build configuration list for PBXNativeTarget "Landmarks" */;
			buildPhases = (
				9D45C57F27B8BA59005FB1D6 /* Sources */,
				9D45C58027B8BA59005FB1D6 /* Frameworks */,
				9D45C58127B8BA59005FB1D6 /* Resources */,
			);
			buildRules = (
			);
			dependencies = (
			);
			name = Landmarks;
			productName = Landmarks;
			productReference = 9D45C58327B8BA59005FB1D6 /* Landmarks.app */;
			productType = "com.apple.product-type.application";
		};
/* End PBXNativeTarget section */

/* Begin PBXProject section */
		9D45C57B27B8BA59005FB1D6 /* Project object */ = {
			isa = PBXProject;
			attributes = {
				BuildIndependentTargetsInParallel = 1;
				LastSwiftUpdateCheck = 1320;
				LastUpgradeCheck = 1320;
				TargetAttributes = {
					9D45C58227B8BA59005FB1D6 = {
						CreatedOnToolsVersion = 13.2.1;
					};
				};
			};
			buildConfigurationList = 9D45C57E27B8BA59005FB1D6 /* Build configuration list for PBXProject "Landmarks" */;
			compatibilityVersion = "Xcode 13.0";
			developmentRegion = en;
			hasScannedForEncodings = 0;
			knownRegions = (
				en,
				Base,
			);
			mainGroup = 9D45C57A27B8BA59005FB1D6;
			productRefGroup = 9D45C58427B8BA59005FB1D6 /* Products */;
			projectDirPath = "";
			projectRoot = "";
			targets = (
				9D45C58227B8BA59005FB1D6 /* Landmarks */,
			);
		};
/* End PBXProject section */

/* Begin PBXResourcesBuildPhase section */
		9D45C58127B8BA59005FB1D6 /* Resources */ = {
			isa = PBXResourcesBuildPhase;
			buildActionMask = 2147483647;
			files = (
				9D45C58E27B8BA5A005FB1D6 /* Preview Assets.xcassets in Resources */,
				9D45C58B27B8BA5A005FB1D6 /* Assets.xcassets in Resources */,
				9D45C59927B962F7005FB1D6 /* landmarkData.json in Resources */,
			);
			runOnlyForDeploymentPostprocessing = 0;
		};
/* End PBXResourcesBuildPhase section */

/* Begin PBXSourcesBuildPhase section */
		9D45C57F27B8BA59005FB1D6 /* Sources */ = {
			isa = PBXSourcesBuildPhase;
			buildActionMask = 2147483647;
			files = (
				9D45C58927B8BA59005FB1D6 /* ContentView.swift in Sources */,
				9D5A4BBF27F79D7000070B38 /* Badge.swift in Sources */,
				9D45C59727B8D2E1005FB1D6 /* MapView.swift in Sources */,
				9D45C58727B8BA59005FB1D6 /* LandmarksApp.swift in Sources */,
				9D45C5A827B9B801005FB1D6 /* FavoriteButton.swift in Sources */,
				9D8062C027EFFD190040511D /* HexagonParameters.swift in Sources */,
				9D5A4BBD27F794E800070B38 /* RotatedBadgeSymbol.swift in Sources */,
				9D5A4BBB27F6A70A00070B38 /* BadgeSymbol.swift in Sources */,
				9D45C5A427B99AAF005FB1D6 /* LandmarkList.swift in Sources */,
				9D45C5A627B99F1A005FB1D6 /* LandmarkDetail.swift in Sources */,
				9D8062C227F159B60040511D /* BadgeBackground.swift in Sources */,
				9D45C59527B8CCD5005FB1D6 /* CircleImage.swift in Sources */,
				9D45C59B27B963B3005FB1D6 /* Landmark.swift in Sources */,
				9D45C5A227B99437005FB1D6 /* LandmarkRow.swift in Sources */,
				9D45C59D27B96876005FB1D6 /* ModelData.swift in Sources */,
			);
			runOnlyForDeploymentPostprocessing = 0;
		};
/* End PBXSourcesBuildPhase section */

/* Begin XCBuildConfiguration section */
		9D45C58F27B8BA5A005FB1D6 /* Debug */ = {
			isa = XCBuildConfiguration;
			buildSettings = {
				ALWAYS_SEARCH_USER_PATHS = NO;
				CLANG_ANALYZER_NONNULL = YES;
				CLANG_ANALYZER_NUMBER_OBJECT_CONVERSION = YES_AGGRESSIVE;
				CLANG_CXX_LANGUAGE_STANDARD = "gnu++17";
				CLANG_CXX_LIBRARY = "libc++";
				CLANG_ENABLE_MODULES = YES;
				CLANG_ENABLE_OBJC_ARC = YES;
				CLANG_ENABLE_OBJC_WEAK = YES;
				CLANG_WARN_BLOCK_CAPTURE_AUTORELEASING = YES;
				CLANG_WARN_BOOL_CONVERSION = YES;
				CLANG_WARN_COMMA = YES;
				CLANG_WARN_CONSTANT_CONVERSION = YES;
				CLANG_WARN_DEPRECATED_OBJC_IMPLEMENTATIONS = YES;
				CLANG_WARN_DIRECT_OBJC_ISA_USAGE = YES_ERROR;
				CLANG_WARN_DOCUMENTATION_COMMENTS = YES;
				CLANG_WARN_EMPTY_BODY = YES;
				CLANG_WARN_ENUM_CONVERSION = YES;
				CLANG_WARN_INFINITE_RECURSION = YES;
				CLANG_WARN_INT_CONVERSION = YES;
				CLANG_WARN_NON_LITERAL_NULL_CONVERSION = YES;
				CLANG_WARN_OBJC_IMPLICIT_RETAIN_SELF = YES;
				CLANG_WARN_OBJC_LITERAL_CONVERSION = YES;
				CLANG_WARN_OBJC_ROOT_CLASS = YES_ERROR;
				CLANG_WARN_QUOTED_INCLUDE_IN_FRAMEWORK_HEADER = YES;
				CLANG_WARN_RANGE_LOOP_ANALYSIS = YES;
				CLANG_WARN_STRICT_PROTOTYPES = YES;
				CLANG_WARN_SUSPICIOUS_MOVE = YES;
				CLANG_WARN_UNGUARDED_AVAILABILITY = YES_AGGRESSIVE;
				CLANG_WARN_UNREACHABLE_CODE = YES;
				CLANG_WARN__DUPLICATE_METHOD_MATCH = YES;
				COPY_PHASE_STRIP = NO;
				DEBUG_INFORMATION_FORMAT = dwarf;
				ENABLE_STRICT_OBJC_MSGSEND = YES;
				ENABLE_TESTABILITY = YES;
				GCC_C_LANGUAGE_STANDARD = gnu11;
				GCC_DYNAMIC_NO_PIC = NO;
				GCC_NO_COMMON_BLOCKS = YES;
				GCC_OPTIMIZATION_LEVEL = 0;
				GCC_PREPROCESSOR_DEFINITIONS = (
					"DEBUG=1",
					"$(inherited)",
				);
				GCC_WARN_64_TO_32_BIT_CONVERSION = YES;
				GCC_WARN_ABOUT_RETURN_TYPE = YES_ERROR;
				GCC_WARN_UNDECLARED_SELECTOR = YES;
				GCC_WARN_UNINITIALIZED_AUTOS = YES_AGGRESSIVE;
				GCC_WARN_UNUSED_FUNCTION = YES;
				GCC_WARN_UNUSED_VARIABLE = YES;
				IPHONEOS_DEPLOYMENT_TARGET = 15.2;
				MTL_ENABLE_DEBUG_INFO = INCLUDE_SOURCE;
				MTL_FAST_MATH = YES;
				ONLY_ACTIVE_ARCH = YES;
				SDKROOT = iphoneos;
				SWIFT_ACTIVE_COMPILATION_CONDITIONS = DEBUG;
				SWIFT_OPTIMIZATION_LEVEL = "-Onone";
			};
			name = Debug;
		};
		9D45C59027B8BA5A005FB1D6 /* Release */ = {
			isa = XCBuildConfiguration;
			buildSettings = {
				ALWAYS_SEARCH_USER_PATHS = NO;
				CLANG_ANALYZER_NONNULL = YES;
				CLANG_ANALYZER_NUMBER_OBJECT_CONVERSION = YES_AGGRESSIVE;
				CLANG_CXX_LANGUAGE_STANDARD = "gnu++17";
				CLANG_CXX_LIBRARY = "libc++";
				CLANG_ENABLE_MODULES = YES;
				CLANG_ENABLE_OBJC_ARC = YES;
				CLANG_ENABLE_OBJC_WEAK = YES;
				CLANG_WARN_BLOCK_CAPTURE_AUTORELEASING = YES;
				CLANG_WARN_BOOL_CONVERSION = YES;
				CLANG_WARN_COMMA = YES;
				CLANG_WARN_CONSTANT_CONVERSION = YES;
				CLANG_WARN_DEPRECATED_OBJC_IMPLEMENTATIONS = YES;
				CLANG_WARN_DIRECT_OBJC_ISA_USAGE = YES_ERROR;
				CLANG_WARN_DOCUMENTATION_COMMENTS = YES;
				CLANG_WARN_EMPTY_BODY = YES;
				CLANG_WARN_ENUM_CONVERSION = YES;
				CLANG_WARN_INFINITE_RECURSION = YES;
				CLANG_WARN_INT_CONVERSION = YES;
				CLANG_WARN_NON_LITERAL_NULL_CONVERSION = YES;
				CLANG_WARN_OBJC_IMPLICIT_RETAIN_SELF = YES;
				CLANG_WARN_OBJC_LITERAL_CONVERSION = YES;
				CLANG_WARN_OBJC_ROOT_CLASS = YES_ERROR;
				CLANG_WARN_QUOTED_INCLUDE_IN_FRAMEWORK_HEADER = YES;
				CLANG_WARN_RANGE_LOOP_ANALYSIS = YES;
				CLANG_WARN_STRICT_PROTOTYPES = YES;
				CLANG_WARN_SUSPICIOUS_MOVE = YES;
				CLANG_WARN_UNGUARDED_AVAILABILITY = YES_AGGRESSIVE;
				CLANG_WARN_UNREACHABLE_CODE = YES;
				CLANG_WARN__DUPLICATE_METHOD_MATCH = YES;
				COPY_PHASE_STRIP = NO;
				DEBUG_INFORMATION_FORMAT = "dwarf-with-dsym";
				ENABLE_NS_ASSERTIONS = NO;
				ENABLE_STRICT_OBJC_MSGSEND = YES;
				GCC_C_LANGUAGE_STANDARD = gnu11;
				GCC_NO_COMMON_BLOCKS = YES;
				GCC_WARN_64_TO_32_BIT_CONVERSION = YES;
				GCC_WARN_ABOUT_RETURN_TYPE = YES_ERROR;
				GCC_WARN_UNDECLARED_SELECTOR = YES;
				GCC_WARN_UNINITIALIZED_AUTOS = YES_AGGRESSIVE;
				GCC_WARN_UNUSED_FUNCTION = YES;
				GCC_WARN_UNUSED_VARIABLE = YES;
				IPHONEOS_DEPLOYMENT_TARGET = 15.2;
				MTL_ENABLE_DEBUG_INFO = NO;
				MTL_FAST_MATH = YES;
				SDKROOT = iphoneos;
				SWIFT_COMPILATION_MODE = wholemodule;
				SWIFT_OPTIMIZATION_LEVEL = "-O";
				VALIDATE_PRODUCT = YES;
			};
			name = Release;
		};
		9D45C59227B8BA5A005FB1D6 /* Debug */ = {
			isa = XCBuildConfiguration;
			buildSettings = {
				ASSETCATALOG_COMPILER_APPICON_NAME = AppIcon;
				ASSETCATALOG_COMPILER_GLOBAL_ACCENT_COLOR_NAME = AccentColor;
				CODE_SIGN_STYLE = Automatic;
				CURRENT_PROJECT_VERSION = 1;
				DEVELOPMENT_ASSET_PATHS = "\"Landmarks/Preview Content\"";
				DEVELOPMENT_TEAM = HD5UELD683;
				ENABLE_PREVIEWS = YES;
				GENERATE_INFOPLIST_FILE = YES;
				INFOPLIST_KEY_UIApplicationSceneManifest_Generation = YES;
				INFOPLIST_KEY_UIApplicationSupportsIndirectInputEvents = YES;
				INFOPLIST_KEY_UILaunchScreen_Generation = YES;
				INFOPLIST_KEY_UISupportedInterfaceOrientations_iPad = "UIInterfaceOrientationPortrait UIInterfaceOrientationPortraitUpsideDown UIInterfaceOrientationLandscapeLeft UIInterfaceOrientationLandscapeRight";
				INFOPLIST_KEY_UISupportedInterfaceOrientations_iPhone = "UIInterfaceOrientationPortrait UIInterfaceOrientationLandscapeLeft UIInterfaceOrientationLandscapeRight";
				LD_RUNPATH_SEARCH_PATHS = (
					"$(inherited)",
					"@executable_path/Frameworks",
				);
				MARKETING_VERSION = 1.0;
				PRODUCT_BUNDLE_IDENTIFIER = com.wang.terry.Landmarks;
				PRODUCT_NAME = "$(TARGET_NAME)";
				SWIFT_EMIT_LOC_STRINGS = YES;
				SWIFT_VERSION = 5.0;
				TARGETED_DEVICE_FAMILY = "1,2";
			};
			name = Debug;
		};
		9D45C59327B8BA5A005FB1D6 /* Release */ = {
			isa = XCBuildConfiguration;
			buildSettings = {
				ASSETCATALOG_COMPILER_APPICON_NAME = AppIcon;
				ASSETCATALOG_COMPILER_GLOBAL_ACCENT_COLOR_NAME = AccentColor;
				CODE_SIGN_STYLE = Automatic;
				CURRENT_PROJECT_VERSION = 1;
				DEVELOPMENT_ASSET_PATHS = "\"Landmarks/Preview Content\"";
				DEVELOPMENT_TEAM = HD5UELD683;
				ENABLE_PREVIEWS = YES;
				GENERATE_INFOPLIST_FILE = YES;
				INFOPLIST_KEY_UIApplicationSceneManifest_Generation = YES;
				INFOPLIST_KEY_UIApplicationSupportsIndirectInputEvents = YES;
				INFOPLIST_KEY_UILaunchScreen_Generation = YES;
				INFOPLIST_KEY_UISupportedInterfaceOrientations_iPad = "UIInterfaceOrientationPortrait UIInterfaceOrientationPortraitUpsideDown UIInterfaceOrientationLandscapeLeft UIInterfaceOrientationLandscapeRight";
				INFOPLIST_KEY_UISupportedInterfaceOrientations_iPhone = "UIInterfaceOrientationPortrait UIInterfaceOrientationLandscapeLeft UIInterfaceOrientationLandscapeRight";
				LD_RUNPATH_SEARCH_PATHS = (
					"$(inherited)",
					"@executable_path/Frameworks",
				);
				MARKETING_VERSION = 1.0;
				PRODUCT_BUNDLE_IDENTIFIER = com.wang.terry.Landmarks;
				PRODUCT_NAME = "$(TARGET_NAME)";
				SWIFT_EMIT_LOC_STRINGS = YES;
				SWIFT_VERSION = 5.0;
				TARGETED_DEVICE_FAMILY = "1,2";
			};
			name = Release;
		};
/* End XCBuildConfiguration section */

/* Begin XCConfigurationList section */
		9D45C57E27B8BA59005FB1D6 /* Build configuration list for PBXProject "Landmarks" */ = {
			isa = XCConfigurationList;
			buildConfigurations = (
				9D45C58F27B8BA5A005FB1D6 /* Debug */,
				9D45C59027B8BA5A005FB1D6 /* Release */,
			);
			defaultConfigurationIsVisible = 0;
			defaultConfigurationName = Release;
		};
		9D45C59127B8BA5A005FB1D6 /* Build configuration list for PBXNativeTarget "Landmarks" */ = {
			isa = XCConfigurationList;
			buildConfigurations = (
				9D45C59227B8BA5A005FB1D6 /* Debug */,
				9D45C59327B8BA5A005FB1D6 /* Release */,
			);
			defaultConfigurationIsVisible = 0;
			defaultConfigurationName = Release;
		};
/* End XCConfigurationList section */
	};
	rootObject = 9D45C57B27B8BA59005FB1D6 /* Project object */;
}
